
Microsoft Visual Studio Solution File, Format Version 12.00
# Visual Studio Version 17
VisualStudioVersion = 17.8.34525.116
MinimumVisualStudioVersion = 10.0.40219.1
Project("{2150E333-8FDC-42A3-9474-1A3956D46DE8}") = "src", "src", "{38EE696A-BEA6-4B04-A478-9D972CF000C2}"
EndProject
Project("{2150E333-8FDC-42A3-9474-1A3956D46DE8}") = "test", "test", "{E94779D9-826A-44A1-B016-6124986B4B07}"
EndProject
Project("{2150E333-8FDC-42A3-9474-1A3956D46DE8}") = "Core", "Core", "{E4D10005-EA3E-410E-B5E0-E4FE08E370CB}"
EndProject
Project("{2150E333-8FDC-42A3-9474-1A3956D46DE8}") = "Presentation", "Presentation", "{9FF9260A-7C46-427D-BC73-55ECD86AA423}"
EndProject
Project("{FAE04EC0-301F-11D3-BF4B-00C04F79EFBC}") = "Sos.Domain", "Sos.Domain\Sos.Domain.csproj", "{F0C33D45-6654-4C4E-9E57-B05D92DE1C91}"
EndProject
Project("{FAE04EC0-301F-11D3-BF4B-00C04F79EFBC}") = "Sos.Application", "Sos.Application\Sos.Application.csproj", "{3635A6FB-AFD8-4EAE-BDD9-B96421CE720A}"
EndProject
Project("{FAE04EC0-301F-11D3-BF4B-00C04F79EFBC}") = "Sos.Infrastructure", "Sos.Infrastructure\Sos.Infrastructure.csproj", "{B4212F0B-F600-4913-B841-00416130357B}"
EndProject
Project("{FAE04EC0-301F-11D3-BF4B-00C04F79EFBC}") = "Sos.Persistence", "Sos.Persistence\Sos.Persistence.csproj", "{2DC6DD26-BCEC-4ECA-88A2-085B4D24777D}"
EndProject
Project("{FAE04EC0-301F-11D3-BF4B-00C04F79EFBC}") = "Sos.Contracts", "Sos.Contracts\Sos.Contracts.csproj", "{86BEF314-B4D8-43D2-AF19-2032F4C28B74}"
EndProject
Project("{FAE04EC0-301F-11D3-BF4B-00C04F79EFBC}") = "Sos.Api", "Sos.Api\Sos.Api.csproj", "{502920F0-4535-4A36-A335-5099F78C8D9B}"
EndProject
Project("{FAE04EC0-301F-11D3-BF4B-00C04F79EFBC}") = "Sos.UnitTests", "Sos.UnitTests\Sos.UnitTests.csproj", "{7F374BE7-7660-40ED-BF32-342E0053ADA2}"
EndProject
Project("{FAE04EC0-301F-11D3-BF4B-00C04F79EFBC}") = "Sos.FunctionalTests", "Sos.FunctionalTests\Sos.FunctionalTests.csproj", "{D1756FE7-58DB-4747-B461-6CF0C96DBCDB}"
EndProject
Project("{FAE04EC0-301F-11D3-BF4B-00C04F79EFBC}") = "Sos.IntegrationTests", "Sos.IntegrationTests\Sos.IntegrationTests.csproj", "{B3122DCA-0EEA-4BE2-A607-4FBEBFA2EC46}"
EndProject
Global
	GlobalSection(SolutionConfigurationPlatforms) = preSolution
		Debug|Any CPU = Debug|Any CPU
		Release|Any CPU = Release|Any CPU
	EndGlobalSection
	GlobalSection(ProjectConfigurationPlatforms) = postSolution
		{F0C33D45-6654-4C4E-9E57-B05D92DE1C91}.Debug|Any CPU.ActiveCfg = Debug|Any CPU
		{F0C33D45-6654-4C4E-9E57-B05D92DE1C91}.Debug|Any CPU.Build.0 = Debug|Any CPU
		{F0C33D45-6654-4C4E-9E57-B05D92DE1C91}.Release|Any CPU.ActiveCfg = Release|Any CPU
		{F0C33D45-6654-4C4E-9E57-B05D92DE1C91}.Release|Any CPU.Build.0 = Release|Any CPU
		{3635A6FB-AFD8-4EAE-BDD9-B96421CE720A}.Debug|Any CPU.ActiveCfg = Debug|Any CPU
		{3635A6FB-AFD8-4EAE-BDD9-B96421CE720A}.Debug|Any CPU.Build.0 = Debug|Any CPU
		{3635A6FB-AFD8-4EAE-BDD9-B96421CE720A}.Release|Any CPU.ActiveCfg = Release|Any CPU
		{3635A6FB-AFD8-4EAE-BDD9-B96421CE720A}.Release|Any CPU.Build.0 = Release|Any CPU
		{B4212F0B-F600-4913-B841-00416130357B}.Debug|Any CPU.ActiveCfg = Debug|Any CPU
		{B4212F0B-F600-4913-B841-00416130357B}.Debug|Any CPU.Build.0 = Debug|Any CPU
		{B4212F0B-F600-4913-B841-00416130357B}.Release|Any CPU.ActiveCfg = Release|Any CPU
		{B4212F0B-F600-4913-B841-00416130357B}.Release|Any CPU.Build.0 = Release|Any CPU
		{2DC6DD26-BCEC-4ECA-88A2-085B4D24777D}.Debug|Any CPU.ActiveCfg = Debug|Any CPU
		{2DC6DD26-BCEC-4ECA-88A2-085B4D24777D}.Debug|Any CPU.Build.0 = Debug|Any CPU
		{2DC6DD26-BCEC-4ECA-88A2-085B4D24777D}.Release|Any CPU.ActiveCfg = Release|Any CPU
		{2DC6DD26-BCEC-4ECA-88A2-085B4D24777D}.Release|Any CPU.Build.0 = Release|Any CPU
		{86BEF314-B4D8-43D2-AF19-2032F4C28B74}.Debug|Any CPU.ActiveCfg = Debug|Any CPU
		{86BEF314-B4D8-43D2-AF19-2032F4C28B74}.Debug|Any CPU.Build.0 = Debug|Any CPU
		{86BEF314-B4D8-43D2-AF19-2032F4C28B74}.Release|Any CPU.ActiveCfg = Release|Any CPU
		{86BEF314-B4D8-43D2-AF19-2032F4C28B74}.Release|Any CPU.Build.0 = Release|Any CPU
		{502920F0-4535-4A36-A335-5099F78C8D9B}.Debug|Any CPU.ActiveCfg = Debug|Any CPU
		{502920F0-4535-4A36-A335-5099F78C8D9B}.Debug|Any CPU.Build.0 = Debug|Any CPU
		{502920F0-4535-4A36-A335-5099F78C8D9B}.Release|Any CPU.ActiveCfg = Release|Any CPU
		{502920F0-4535-4A36-A335-5099F78C8D9B}.Release|Any CPU.Build.0 = Release|Any CPU
		{7F374BE7-7660-40ED-BF32-342E0053ADA2}.Debug|Any CPU.ActiveCfg = Debug|Any CPU
		{7F374BE7-7660-40ED-BF32-342E0053ADA2}.Debug|Any CPU.Build.0 = Debug|Any CPU
		{7F374BE7-7660-40ED-BF32-342E0053ADA2}.Release|Any CPU.ActiveCfg = Release|Any CPU
		{7F374BE7-7660-40ED-BF32-342E0053ADA2}.Release|Any CPU.Build.0 = Release|Any CPU
		{D1756FE7-58DB-4747-B461-6CF0C96DBCDB}.Debug|Any CPU.ActiveCfg = Debug|Any CPU
		{D1756FE7-58DB-4747-B461-6CF0C96DBCDB}.Debug|Any CPU.Build.0 = Debug|Any CPU
		{D1756FE7-58DB-4747-B461-6CF0C96DBCDB}.Release|Any CPU.ActiveCfg = Release|Any CPU
		{D1756FE7-58DB-4747-B461-6CF0C96DBCDB}.Release|Any CPU.Build.0 = Release|Any CPU
		{B3122DCA-0EEA-4BE2-A607-4FBEBFA2EC46}.Debug|Any CPU.ActiveCfg = Debug|Any CPU
		{B3122DCA-0EEA-4BE2-A607-4FBEBFA2EC46}.Debug|Any CPU.Build.0 = Debug|Any CPU
		{B3122DCA-0EEA-4BE2-A607-4FBEBFA2EC46}.Release|Any CPU.ActiveCfg = Release|Any CPU
		{B3122DCA-0EEA-4BE2-A607-4FBEBFA2EC46}.Release|Any CPU.Build.0 = Release|Any CPU
	EndGlobalSection
	GlobalSection(SolutionProperties) = preSolution
		HideSolutionNode = FALSE
	EndGlobalSection
	GlobalSection(NestedProjects) = preSolution
		{E4D10005-EA3E-410E-B5E0-E4FE08E370CB} = {38EE696A-BEA6-4B04-A478-9D972CF000C2}
		{9FF9260A-7C46-427D-BC73-55ECD86AA423} = {38EE696A-BEA6-4B04-A478-9D972CF000C2}
		{F0C33D45-6654-4C4E-9E57-B05D92DE1C91} = {E4D10005-EA3E-410E-B5E0-E4FE08E370CB}
		{3635A6FB-AFD8-4EAE-BDD9-B96421CE720A} = {E4D10005-EA3E-410E-B5E0-E4FE08E370CB}
		{B4212F0B-F600-4913-B841-00416130357B} = {E4D10005-EA3E-410E-B5E0-E4FE08E370CB}
		{2DC6DD26-BCEC-4ECA-88A2-085B4D24777D} = {E4D10005-EA3E-410E-B5E0-E4FE08E370CB}
		{86BEF314-B4D8-43D2-AF19-2032F4C28B74} = {E4D10005-EA3E-410E-B5E0-E4FE08E370CB}
		{502920F0-4535-4A36-A335-5099F78C8D9B} = {9FF9260A-7C46-427D-BC73-55ECD86AA423}
		{7F374BE7-7660-40ED-BF32-342E0053ADA2} = {E94779D9-826A-44A1-B016-6124986B4B07}
		{D1756FE7-58DB-4747-B461-6CF0C96DBCDB} = {E94779D9-826A-44A1-B016-6124986B4B07}
		{B3122DCA-0EEA-4BE2-A607-4FBEBFA2EC46} = {E94779D9-826A-44A1-B016-6124986B4B07}
	EndGlobalSection
	GlobalSection(ExtensibilityGlobals) = postSolution
		SolutionGuid = {33E97408-8D48-4ACA-8017-CF0E57DBF9C0}
	EndGlobalSection
EndGlobal
